
Microsoft Visual Studio Solution File, Format Version 12.00
# Visual Studio 14
VisualStudioVersion = 14.0.25420.1
MinimumVisualStudioVersion = 10.0.40219.1
Project("{FAE04EC0-301F-11D3-BF4B-00C04F79EFBC}") = "a4v4-kajim", "a4v4-kajim.csproj", "{49E8D2C2-9C94-4DAF-BBFD-83B1C7D22AF7}"
EndProject
Global
	GlobalSection(SolutionConfigurationPlatforms) = preSolution
		Debug|Any CPU = Debug|Any CPU
		Release|Any CPU = Release|Any CPU
	EndGlobalSection
	GlobalSection(ProjectConfigurationPlatforms) = postSolution
		{49E8D2C2-9C94-4DAF-BBFD-83B1C7D22AF7}.Debug|Any CPU.ActiveCfg = Debug|Any CPU
		{49E8D2C2-9C94-4DAF-BBFD-83B1C7D22AF7}.Debug|Any CPU.Build.0 = Debug|Any CPU
		{49E8D2C2-9C94-4DAF-BBFD-83B1C7D22AF7}.Release|Any CPU.ActiveCfg = Release|Any CPU
		{49E8D2C2-9C94-4DAF-BBFD-83B1C7D22AF7}.Release|Any CPU.Build.0 = Release|Any CPU
	EndGlobalSection
	GlobalSection(SolutionProperties) = preSolution
		HideSolutionNode = FALSE
	EndGlobalSection
EndGlobal
